{
  "object": {
    "pins": [
      {
        "package": "Socket",
        "repositoryURL": "https://github.com/aroblast/socket-swift.git",
        "state": {
          "branch": "master",
          "revision": "a8515ac4c5e81099c4889d85577ec33a0a2114e2",
          "version": null
        }
      }
    ]
  },
  "version": 1
}
