{
  "object": {
    "pins": [
      {
        "package": "Socket",
        "repositoryURL": "https://github.com/aroblast/socket-swift.git",
        "state": {
          "branch": "master",
          "revision": "818f196f5c93f229c7ce0b6f87036d6c7d9c3bde",
          "version": null
        }
      }
    ]
  },
  "version": 1
}
